// !$*UTF8*$!
{
	archiveVersion = 1;
	classes = {
	};
	objectVersion = 46;
	objects = {

/* Begin PBXBuildFile section */
		C9C53C712056C17600F16584 /* AppDelegate.swift in Sources */ = {isa = PBXBuildFile; fileRef = C9C53C702056C17600F16584 /* AppDelegate.swift */; };
		C9C53C732056C17600F16584 /* SongsViewController.swift in Sources */ = {isa = PBXBuildFile; fileRef = C9C53C722056C17600F16584 /* SongsViewController.swift */; };
		C9C53C762056C17600F16584 /* Main.storyboard in Resources */ = {isa = PBXBuildFile; fileRef = C9C53C742056C17600F16584 /* Main.storyboard */; };
		C9C53C782056C17600F16584 /* Assets.xcassets in Resources */ = {isa = PBXBuildFile; fileRef = C9C53C772056C17600F16584 /* Assets.xcassets */; };
		C9C53C7B2056C17600F16584 /* LaunchScreen.storyboard in Resources */ = {isa = PBXBuildFile; fileRef = C9C53C792056C17600F16584 /* LaunchScreen.storyboard */; };
		C9C53CF12057D16C00F16584 /* SongsConfigurator.swift in Sources */ = {isa = PBXBuildFile; fileRef = C9C53CF02057D16C00F16584 /* SongsConfigurator.swift */; };
		C9C53CF32057D17B00F16584 /* SongsPresenter.swift in Sources */ = {isa = PBXBuildFile; fileRef = C9C53CF22057D17B00F16584 /* SongsPresenter.swift */; };
		C9C53CF62057D47D00F16584 /* URLConstants.swift in Sources */ = {isa = PBXBuildFile; fileRef = C9C53CF52057D47D00F16584 /* URLConstants.swift */; };
		C9C53CFB2057DC8D00F16584 /* SongTableViewCell.swift in Sources */ = {isa = PBXBuildFile; fileRef = C9C53CF92057DC8D00F16584 /* SongTableViewCell.swift */; };
		C9C53CFC2057DC8D00F16584 /* SongTableViewCell.xib in Resources */ = {isa = PBXBuildFile; fileRef = C9C53CFA2057DC8D00F16584 /* SongTableViewCell.xib */; };
		C9C53CFE2057E64200F16584 /* Songs+List.swift in Sources */ = {isa = PBXBuildFile; fileRef = C9C53CFD2057E64200F16584 /* Songs+List.swift */; };
		C9C53D012057EC5C00F16584 /* Song.swift in Sources */ = {isa = PBXBuildFile; fileRef = C9C53D002057EC5C00F16584 /* Song.swift */; };
		C9C53D042057EFE400F16584 /* SongsGateway.swift in Sources */ = {isa = PBXBuildFile; fileRef = C9C53D032057EFE400F16584 /* SongsGateway.swift */; };
		C9C53D062057F03D00F16584 /* Result.swift in Sources */ = {isa = PBXBuildFile; fileRef = C9C53D052057F03D00F16584 /* Result.swift */; };
		C9C53D092057F29100F16584 /* DisplaySongsList.swift in Sources */ = {isa = PBXBuildFile; fileRef = C9C53D082057F29100F16584 /* DisplaySongsList.swift */; };
		C9C53D102057F9D700F16584 /* ApiSongsResponse.swift in Sources */ = {isa = PBXBuildFile; fileRef = C9C53D0F2057F9D700F16584 /* ApiSongsResponse.swift */; };
		C9C53D122057FAA700F16584 /* ApiResponse.swift in Sources */ = {isa = PBXBuildFile; fileRef = C9C53D112057FAA700F16584 /* ApiResponse.swift */; };
		C9C53D162057FABD00F16584 /* ApiClient.swift in Sources */ = {isa = PBXBuildFile; fileRef = C9C53D152057FABD00F16584 /* ApiClient.swift */; };
		C9C53D182057FF0300F16584 /* ApiSong.swift in Sources */ = {isa = PBXBuildFile; fileRef = C9C53D172057FF0300F16584 /* ApiSong.swift */; };
		C9C53D1A2058076C00F16584 /* ApiSongsGateway.swift in Sources */ = {isa = PBXBuildFile; fileRef = C9C53D192058076C00F16584 /* ApiSongsGateway.swift */; };
		C9C53D1C205808B400F16584 /* SongsApiRequest.swift in Sources */ = {isa = PBXBuildFile; fileRef = C9C53D1B205808B400F16584 /* SongsApiRequest.swift */; };
		C9C53D1E205811AE00F16584 /* KeyConstants.swift in Sources */ = {isa = PBXBuildFile; fileRef = C9C53D1D205811AE00F16584 /* KeyConstants.swift */; };
		C9C53D21205835B700F16584 /* Songs+Search.swift in Sources */ = {isa = PBXBuildFile; fileRef = C9C53D20205835B700F16584 /* Songs+Search.swift */; };
		C9C53D24205843E900F16584 /* Songs+Rotation.swift in Sources */ = {isa = PBXBuildFile; fileRef = C9C53D23205843E900F16584 /* Songs+Rotation.swift */; };
		F15380C4DB26B54AFF7AE5D1 /* Pods_Music_Player.framework in Frameworks */ = {isa = PBXBuildFile; fileRef = C428043A7F3283A2DB603091 /* Pods_Music_Player.framework */; };
/* End PBXBuildFile section */

/* Begin PBXFileReference section */
		3FA7F3D4F26FA061087913E4 /* Pods-Music Player.release.xcconfig */ = {isa = PBXFileReference; includeInIndex = 1; lastKnownFileType = text.xcconfig; name = "Pods-Music Player.release.xcconfig"; path = "Pods/Target Support Files/Pods-Music Player/Pods-Music Player.release.xcconfig"; sourceTree = "<group>"; };
		C428043A7F3283A2DB603091 /* Pods_Music_Player.framework */ = {isa = PBXFileReference; explicitFileType = wrapper.framework; includeInIndex = 0; path = Pods_Music_Player.framework; sourceTree = BUILT_PRODUCTS_DIR; };
		C9C53C6D2056C17600F16584 /* Music Player.app */ = {isa = PBXFileReference; explicitFileType = wrapper.application; includeInIndex = 0; path = "Music Player.app"; sourceTree = BUILT_PRODUCTS_DIR; };
		C9C53C702056C17600F16584 /* AppDelegate.swift */ = {isa = PBXFileReference; lastKnownFileType = sourcecode.swift; path = AppDelegate.swift; sourceTree = "<group>"; };
		C9C53C722056C17600F16584 /* SongsViewController.swift */ = {isa = PBXFileReference; lastKnownFileType = sourcecode.swift; path = SongsViewController.swift; sourceTree = "<group>"; };
		C9C53C752056C17600F16584 /* Base */ = {isa = PBXFileReference; lastKnownFileType = file.storyboard; name = Base; path = Base.lproj/Main.storyboard; sourceTree = "<group>"; };
		C9C53C772056C17600F16584 /* Assets.xcassets */ = {isa = PBXFileReference; lastKnownFileType = folder.assetcatalog; path = Assets.xcassets; sourceTree = "<group>"; };
		C9C53C7A2056C17600F16584 /* Base */ = {isa = PBXFileReference; lastKnownFileType = file.storyboard; name = Base; path = Base.lproj/LaunchScreen.storyboard; sourceTree = "<group>"; };
		C9C53C7C2056C17600F16584 /* Info.plist */ = {isa = PBXFileReference; lastKnownFileType = text.plist.xml; path = Info.plist; sourceTree = "<group>"; };
		C9C53CF02057D16C00F16584 /* SongsConfigurator.swift */ = {isa = PBXFileReference; fileEncoding = 4; lastKnownFileType = sourcecode.swift; path = SongsConfigurator.swift; sourceTree = "<group>"; };
		C9C53CF22057D17B00F16584 /* SongsPresenter.swift */ = {isa = PBXFileReference; fileEncoding = 4; lastKnownFileType = sourcecode.swift; path = SongsPresenter.swift; sourceTree = "<group>"; };
		C9C53CF52057D47D00F16584 /* URLConstants.swift */ = {isa = PBXFileReference; fileEncoding = 4; lastKnownFileType = sourcecode.swift; path = URLConstants.swift; sourceTree = "<group>"; };
		C9C53CF92057DC8D00F16584 /* SongTableViewCell.swift */ = {isa = PBXFileReference; fileEncoding = 4; lastKnownFileType = sourcecode.swift; path = SongTableViewCell.swift; sourceTree = "<group>"; };
		C9C53CFA2057DC8D00F16584 /* SongTableViewCell.xib */ = {isa = PBXFileReference; fileEncoding = 4; lastKnownFileType = file.xib; path = SongTableViewCell.xib; sourceTree = "<group>"; };
		C9C53CFD2057E64200F16584 /* Songs+List.swift */ = {isa = PBXFileReference; fileEncoding = 4; lastKnownFileType = sourcecode.swift; path = "Songs+List.swift"; sourceTree = "<group>"; };
		C9C53D002057EC5C00F16584 /* Song.swift */ = {isa = PBXFileReference; fileEncoding = 4; lastKnownFileType = sourcecode.swift; path = Song.swift; sourceTree = "<group>"; };
		C9C53D032057EFE400F16584 /* SongsGateway.swift */ = {isa = PBXFileReference; fileEncoding = 4; lastKnownFileType = sourcecode.swift; path = SongsGateway.swift; sourceTree = "<group>"; };
		C9C53D052057F03D00F16584 /* Result.swift */ = {isa = PBXFileReference; fileEncoding = 4; lastKnownFileType = sourcecode.swift; path = Result.swift; sourceTree = "<group>"; };
		C9C53D082057F29100F16584 /* DisplaySongsList.swift */ = {isa = PBXFileReference; fileEncoding = 4; lastKnownFileType = sourcecode.swift; path = DisplaySongsList.swift; sourceTree = "<group>"; };
		C9C53D0F2057F9D700F16584 /* ApiSongsResponse.swift */ = {isa = PBXFileReference; fileEncoding = 4; lastKnownFileType = sourcecode.swift; path = ApiSongsResponse.swift; sourceTree = "<group>"; };
		C9C53D112057FAA700F16584 /* ApiResponse.swift */ = {isa = PBXFileReference; fileEncoding = 4; lastKnownFileType = sourcecode.swift; path = ApiResponse.swift; sourceTree = "<group>"; };
		C9C53D152057FABD00F16584 /* ApiClient.swift */ = {isa = PBXFileReference; fileEncoding = 4; lastKnownFileType = sourcecode.swift; path = ApiClient.swift; sourceTree = "<group>"; };
		C9C53D172057FF0300F16584 /* ApiSong.swift */ = {isa = PBXFileReference; fileEncoding = 4; lastKnownFileType = sourcecode.swift; path = ApiSong.swift; sourceTree = "<group>"; };
		C9C53D192058076C00F16584 /* ApiSongsGateway.swift */ = {isa = PBXFileReference; fileEncoding = 4; lastKnownFileType = sourcecode.swift; path = ApiSongsGateway.swift; sourceTree = "<group>"; };
		C9C53D1B205808B400F16584 /* SongsApiRequest.swift */ = {isa = PBXFileReference; fileEncoding = 4; lastKnownFileType = sourcecode.swift; path = SongsApiRequest.swift; sourceTree = "<group>"; };
		C9C53D1D205811AE00F16584 /* KeyConstants.swift */ = {isa = PBXFileReference; fileEncoding = 4; lastKnownFileType = sourcecode.swift; path = KeyConstants.swift; sourceTree = "<group>"; };
		C9C53D20205835B700F16584 /* Songs+Search.swift */ = {isa = PBXFileReference; fileEncoding = 4; lastKnownFileType = sourcecode.swift; path = "Songs+Search.swift"; sourceTree = "<group>"; };
		C9C53D23205843E900F16584 /* Songs+Rotation.swift */ = {isa = PBXFileReference; fileEncoding = 4; lastKnownFileType = sourcecode.swift; path = "Songs+Rotation.swift"; sourceTree = "<group>"; };
		E06A96EBF9F5C85BA4BB42DC /* Pods-Music Player.debug.xcconfig */ = {isa = PBXFileReference; includeInIndex = 1; lastKnownFileType = text.xcconfig; name = "Pods-Music Player.debug.xcconfig"; path = "Pods/Target Support Files/Pods-Music Player/Pods-Music Player.debug.xcconfig"; sourceTree = "<group>"; };
/* End PBXFileReference section */

/* Begin PBXFrameworksBuildPhase section */
		C9C53C6A2056C17600F16584 /* Frameworks */ = {
			isa = PBXFrameworksBuildPhase;
			buildActionMask = 2147483647;
			files = (
				F15380C4DB26B54AFF7AE5D1 /* Pods_Music_Player.framework in Frameworks */,
			);
			runOnlyForDeploymentPostprocessing = 0;
		};
/* End PBXFrameworksBuildPhase section */

/* Begin PBXGroup section */
		41366A6F7A571DF2A57DFDE6 /* Frameworks */ = {
			isa = PBXGroup;
			children = (
				C428043A7F3283A2DB603091 /* Pods_Music_Player.framework */,
			);
			name = Frameworks;
			sourceTree = "<group>";
		};
		87B9889C9501D36378BFB665 /* Pods */ = {
			isa = PBXGroup;
			children = (
				E06A96EBF9F5C85BA4BB42DC /* Pods-Music Player.debug.xcconfig */,
				3FA7F3D4F26FA061087913E4 /* Pods-Music Player.release.xcconfig */,
			);
			name = Pods;
			sourceTree = "<group>";
		};
		C9C53C642056C17600F16584 = {
			isa = PBXGroup;
			children = (
				C9C53C6F2056C17600F16584 /* Music Player */,
				C9C53C6E2056C17600F16584 /* Products */,
				87B9889C9501D36378BFB665 /* Pods */,
				41366A6F7A571DF2A57DFDE6 /* Frameworks */,
			);
			sourceTree = "<group>";
		};
		C9C53C6E2056C17600F16584 /* Products */ = {
			isa = PBXGroup;
			children = (
				C9C53C6D2056C17600F16584 /* Music Player.app */,
			);
			name = Products;
			sourceTree = "<group>";
		};
		C9C53C6F2056C17600F16584 /* Music Player */ = {
			isa = PBXGroup;
			children = (
				C9C53C832057AF3600F16584 /* Core */,
				C9C53C842057AF3A00F16584 /* Scenes */,
				C9C53C852057AF3F00F16584 /* EntityGateWay */,
				C9C53CF72057DC3500F16584 /* Other */,
				C9C53CF42057D45A00F16584 /* Supporting Files */,
				C9C53C702056C17600F16584 /* AppDelegate.swift */,
				C9C53C742056C17600F16584 /* Main.storyboard */,
				C9C53C772056C17600F16584 /* Assets.xcassets */,
				C9C53C792056C17600F16584 /* LaunchScreen.storyboard */,
				C9C53C7C2056C17600F16584 /* Info.plist */,
				C9C53D052057F03D00F16584 /* Result.swift */,
			);
			path = "Music Player";
			sourceTree = "<group>";
		};
		C9C53C832057AF3600F16584 /* Core */ = {
			isa = PBXGroup;
			children = (
				C9C53CFF2057EC4A00F16584 /* Entity */,
				C9C53D022057EFAA00F16584 /* Gateways */,
				C9C53D072057F26500F16584 /* UseCases */,
			);
			name = Core;
			sourceTree = "<group>";
		};
		C9C53C842057AF3A00F16584 /* Scenes */ = {
			isa = PBXGroup;
			children = (
				C9C53C722056C17600F16584 /* SongsViewController.swift */,
				C9C53CF02057D16C00F16584 /* SongsConfigurator.swift */,
				C9C53CF22057D17B00F16584 /* SongsPresenter.swift */,
				C9C53D1F2058359900F16584 /* Extensions */,
			);
			name = Scenes;
			sourceTree = "<group>";
		};
		C9C53C852057AF3F00F16584 /* EntityGateWay */ = {
			isa = PBXGroup;
			children = (
				C9C53D0B2057F4D800F16584 /* API */,
			);
			name = EntityGateWay;
			sourceTree = "<group>";
		};
		C9C53CF42057D45A00F16584 /* Supporting Files */ = {
			isa = PBXGroup;
			children = (
				C9C53CF52057D47D00F16584 /* URLConstants.swift */,
				C9C53D1D205811AE00F16584 /* KeyConstants.swift */,
			);
			name = "Supporting Files";
			sourceTree = "<group>";
		};
		C9C53CF72057DC3500F16584 /* Other */ = {
			isa = PBXGroup;
			children = (
				C9C53CF82057DC4700F16584 /* Cells */,
			);
			name = Other;
			sourceTree = "<group>";
		};
		C9C53CF82057DC4700F16584 /* Cells */ = {
			isa = PBXGroup;
			children = (
				C9C53CF92057DC8D00F16584 /* SongTableViewCell.swift */,
				C9C53CFA2057DC8D00F16584 /* SongTableViewCell.xib */,
			);
			name = Cells;
			sourceTree = "<group>";
		};
		C9C53CFF2057EC4A00F16584 /* Entity */ = {
			isa = PBXGroup;
			children = (
				C9C53D002057EC5C00F16584 /* Song.swift */,
			);
			name = Entity;
			sourceTree = "<group>";
		};
		C9C53D022057EFAA00F16584 /* Gateways */ = {
			isa = PBXGroup;
			children = (
				C9C53D032057EFE400F16584 /* SongsGateway.swift */,
			);
			name = Gateways;
			sourceTree = "<group>";
		};
		C9C53D072057F26500F16584 /* UseCases */ = {
			isa = PBXGroup;
			children = (
				C9C53D082057F29100F16584 /* DisplaySongsList.swift */,
			);
			name = UseCases;
			sourceTree = "<group>";
		};
		C9C53D0A2057F4CE00F16584 /* Entities */ = {
			isa = PBXGroup;
			children = (
				C9C53D0F2057F9D700F16584 /* ApiSongsResponse.swift */,
				C9C53D172057FF0300F16584 /* ApiSong.swift */,
			);
			name = Entities;
			sourceTree = "<group>";
		};
		C9C53D0B2057F4D800F16584 /* API */ = {
			isa = PBXGroup;
			children = (
				C9C53D0A2057F4CE00F16584 /* Entities */,
				C9C53D0D2057F4EE00F16584 /* Requests */,
				C9C53D0C2057F4E000F16584 /* Gateways */,
				C9C53D152057FABD00F16584 /* ApiClient.swift */,
				C9C53D112057FAA700F16584 /* ApiResponse.swift */,
			);
			name = API;
			sourceTree = "<group>";
		};
		C9C53D0C2057F4E000F16584 /* Gateways */ = {
			isa = PBXGroup;
			children = (
				C9C53D192058076C00F16584 /* ApiSongsGateway.swift */,
			);
			name = Gateways;
			sourceTree = "<group>";
		};
		C9C53D0D2057F4EE00F16584 /* Requests */ = {
			isa = PBXGroup;
			children = (
				C9C53D1B205808B400F16584 /* SongsApiRequest.swift */,
			);
			name = Requests;
			sourceTree = "<group>";
		};
		C9C53D1F2058359900F16584 /* Extensions */ = {
			isa = PBXGroup;
			children = (
				C9C53CFD2057E64200F16584 /* Songs+List.swift */,
				C9C53D20205835B700F16584 /* Songs+Search.swift */,
				C9C53D23205843E900F16584 /* Songs+Rotation.swift */,
			);
			name = Extensions;
			sourceTree = "<group>";
		};
/* End PBXGroup section */

/* Begin PBXNativeTarget section */
		C9C53C6C2056C17600F16584 /* Music Player */ = {
			isa = PBXNativeTarget;
			buildConfigurationList = C9C53C7F2056C17600F16584 /* Build configuration list for PBXNativeTarget "Music Player" */;
			buildPhases = (
				D4BD0220F6CEE0B16D30AD78 /* [CP] Check Pods Manifest.lock */,
				C9C53C692056C17600F16584 /* Sources */,
				C9C53C6A2056C17600F16584 /* Frameworks */,
				C9C53C6B2056C17600F16584 /* Resources */,
				1F303D886FE1AD4597A3FFA9 /* [CP] Embed Pods Frameworks */,
				2A79EEEBB1EE2366753AEB29 /* [CP] Copy Pods Resources */,
			);
			buildRules = (
			);
			dependencies = (
			);
			name = "Music Player";
			productName = "Music Player";
			productReference = C9C53C6D2056C17600F16584 /* Music Player.app */;
			productType = "com.apple.product-type.application";
		};
/* End PBXNativeTarget section */

/* Begin PBXProject section */
		C9C53C652056C17600F16584 /* Project object */ = {
			isa = PBXProject;
			attributes = {
				LastSwiftUpdateCheck = 0800;
				LastUpgradeCheck = 0800;
				ORGANIZATIONNAME = "Mobility LLC";
				TargetAttributes = {
					C9C53C6C2056C17600F16584 = {
						CreatedOnToolsVersion = 8.0;
						DevelopmentTeam = TJ99YUB869;
						ProvisioningStyle = Automatic;
					};
				};
			};
			buildConfigurationList = C9C53C682056C17600F16584 /* Build configuration list for PBXProject "Music Player" */;
			compatibilityVersion = "Xcode 3.2";
			developmentRegion = English;
			hasScannedForEncodings = 0;
			knownRegions = (
				en,
				Base,
			);
			mainGroup = C9C53C642056C17600F16584;
			productRefGroup = C9C53C6E2056C17600F16584 /* Products */;
			projectDirPath = "";
			projectRoot = "";
			targets = (
				C9C53C6C2056C17600F16584 /* Music Player */,
			);
		};
/* End PBXProject section */

/* Begin PBXResourcesBuildPhase section */
		C9C53C6B2056C17600F16584 /* Resources */ = {
			isa = PBXResourcesBuildPhase;
			buildActionMask = 2147483647;
			files = (
				C9C53CFC2057DC8D00F16584 /* SongTableViewCell.xib in Resources */,
				C9C53C7B2056C17600F16584 /* LaunchScreen.storyboard in Resources */,
				C9C53C782056C17600F16584 /* Assets.xcassets in Resources */,
				C9C53C762056C17600F16584 /* Main.storyboard in Resources */,
			);
			runOnlyForDeploymentPostprocessing = 0;
		};
/* End PBXResourcesBuildPhase section */

/* Begin PBXShellScriptBuildPhase section */
		1F303D886FE1AD4597A3FFA9 /* [CP] Embed Pods Frameworks */ = {
			isa = PBXShellScriptBuildPhase;
			buildActionMask = 2147483647;
			files = (
			);
			inputPaths = (
			);
			name = "[CP] Embed Pods Frameworks";
			outputPaths = (
			);
			runOnlyForDeploymentPostprocessing = 0;
			shellPath = /bin/sh;
			shellScript = "\"${SRCROOT}/Pods/Target Support Files/Pods-Music Player/Pods-Music Player-frameworks.sh\"\n";
			showEnvVarsInLog = 0;
		};
		2A79EEEBB1EE2366753AEB29 /* [CP] Copy Pods Resources */ = {
			isa = PBXShellScriptBuildPhase;
			buildActionMask = 2147483647;
			files = (
			);
			inputPaths = (
			);
			name = "[CP] Copy Pods Resources";
			outputPaths = (
			);
			runOnlyForDeploymentPostprocessing = 0;
			shellPath = /bin/sh;
			shellScript = "\"${SRCROOT}/Pods/Target Support Files/Pods-Music Player/Pods-Music Player-resources.sh\"\n";
			showEnvVarsInLog = 0;
		};
		D4BD0220F6CEE0B16D30AD78 /* [CP] Check Pods Manifest.lock */ = {
			isa = PBXShellScriptBuildPhase;
			buildActionMask = 2147483647;
			files = (
			);
			inputPaths = (
			);
			name = "[CP] Check Pods Manifest.lock";
			outputPaths = (
			);
			runOnlyForDeploymentPostprocessing = 0;
			shellPath = /bin/sh;
			shellScript = "diff \"${PODS_ROOT}/../Podfile.lock\" \"${PODS_ROOT}/Manifest.lock\" > /dev/null\nif [ $? != 0 ] ; then\n    # print error to STDERR\n    echo \"error: The sandbox is not in sync with the Podfile.lock. Run 'pod install' or update your CocoaPods installation.\" >&2\n    exit 1\nfi\n";
			showEnvVarsInLog = 0;
		};
/* End PBXShellScriptBuildPhase section */

/* Begin PBXSourcesBuildPhase section */
		C9C53C692056C17600F16584 /* Sources */ = {
			isa = PBXSourcesBuildPhase;
			buildActionMask = 2147483647;
			files = (
				C9C53CF32057D17B00F16584 /* SongsPresenter.swift in Sources */,
				C9C53C732056C17600F16584 /* SongsViewController.swift in Sources */,
				C9C53D042057EFE400F16584 /* SongsGateway.swift in Sources */,
				C9C53CFE2057E64200F16584 /* Songs+List.swift in Sources */,
				C9C53D24205843E900F16584 /* Songs+Rotation.swift in Sources */,
				C9C53D102057F9D700F16584 /* ApiSongsResponse.swift in Sources */,
				C9C53D122057FAA700F16584 /* ApiResponse.swift in Sources */,
				C9C53D1A2058076C00F16584 /* ApiSongsGateway.swift in Sources */,
				C9C53CF62057D47D00F16584 /* URLConstants.swift in Sources */,
				C9C53D012057EC5C00F16584 /* Song.swift in Sources */,
				C9C53D062057F03D00F16584 /* Result.swift in Sources */,
				C9C53C712056C17600F16584 /* AppDelegate.swift in Sources */,
				C9C53D1E205811AE00F16584 /* KeyConstants.swift in Sources */,
				C9C53CFB2057DC8D00F16584 /* SongTableViewCell.swift in Sources */,
				C9C53D182057FF0300F16584 /* ApiSong.swift in Sources */,
				C9C53D1C205808B400F16584 /* SongsApiRequest.swift in Sources */,
				C9C53CF12057D16C00F16584 /* SongsConfigurator.swift in Sources */,
				C9C53D21205835B700F16584 /* Songs+Search.swift in Sources */,
				C9C53D092057F29100F16584 /* DisplaySongsList.swift in Sources */,
				C9C53D162057FABD00F16584 /* ApiClient.swift in Sources */,
			);
			runOnlyForDeploymentPostprocessing = 0;
		};
/* End PBXSourcesBuildPhase section */

/* Begin PBXVariantGroup section */
		C9C53C742056C17600F16584 /* Main.storyboard */ = {
			isa = PBXVariantGroup;
			children = (
				C9C53C752056C17600F16584 /* Base */,
			);
			name = Main.storyboard;
			sourceTree = "<group>";
		};
		C9C53C792056C17600F16584 /* LaunchScreen.storyboard */ = {
			isa = PBXVariantGroup;
			children = (
				C9C53C7A2056C17600F16584 /* Base */,
			);
			name = LaunchScreen.storyboard;
			sourceTree = "<group>";
		};
/* End PBXVariantGroup section */

/* Begin XCBuildConfiguration section */
		C9C53C7D2056C17600F16584 /* Debug */ = {
			isa = XCBuildConfiguration;
			buildSettings = {
				ALWAYS_SEARCH_USER_PATHS = NO;
				CLANG_ANALYZER_NONNULL = YES;
				CLANG_CXX_LANGUAGE_STANDARD = "gnu++0x";
				CLANG_CXX_LIBRARY = "libc++";
				CLANG_ENABLE_MODULES = YES;
				CLANG_ENABLE_OBJC_ARC = YES;
				CLANG_WARN_BOOL_CONVERSION = YES;
				CLANG_WARN_CONSTANT_CONVERSION = YES;
				CLANG_WARN_DIRECT_OBJC_ISA_USAGE = YES_ERROR;
				CLANG_WARN_DOCUMENTATION_COMMENTS = YES;
				CLANG_WARN_EMPTY_BODY = YES;
				CLANG_WARN_ENUM_CONVERSION = YES;
				CLANG_WARN_INFINITE_RECURSION = YES;
				CLANG_WARN_INT_CONVERSION = YES;
				CLANG_WARN_OBJC_ROOT_CLASS = YES_ERROR;
				CLANG_WARN_SUSPICIOUS_MOVES = YES;
				CLANG_WARN_UNREACHABLE_CODE = YES;
				CLANG_WARN__DUPLICATE_METHOD_MATCH = YES;
				"CODE_SIGN_IDENTITY[sdk=iphoneos*]" = "iPhone Developer";
				COPY_PHASE_STRIP = NO;
				DEBUG_INFORMATION_FORMAT = dwarf;
				ENABLE_STRICT_OBJC_MSGSEND = YES;
				ENABLE_TESTABILITY = YES;
				GCC_C_LANGUAGE_STANDARD = gnu99;
				GCC_DYNAMIC_NO_PIC = NO;
				GCC_NO_COMMON_BLOCKS = YES;
				GCC_OPTIMIZATION_LEVEL = 0;
				GCC_PREPROCESSOR_DEFINITIONS = (
					"DEBUG=1",
					"$(inherited)",
				);
				GCC_WARN_64_TO_32_BIT_CONVERSION = YES;
				GCC_WARN_ABOUT_RETURN_TYPE = YES_ERROR;
				GCC_WARN_UNDECLARED_SELECTOR = YES;
				GCC_WARN_UNINITIALIZED_AUTOS = YES_AGGRESSIVE;
				GCC_WARN_UNUSED_FUNCTION = YES;
				GCC_WARN_UNUSED_VARIABLE = YES;
				IPHONEOS_DEPLOYMENT_TARGET = 10.0;
				MTL_ENABLE_DEBUG_INFO = YES;
				ONLY_ACTIVE_ARCH = YES;
				SDKROOT = iphoneos;
				SWIFT_ACTIVE_COMPILATION_CONDITIONS = DEBUG;
				SWIFT_OPTIMIZATION_LEVEL = "-Onone";
			};
			name = Debug;
		};
		C9C53C7E2056C17600F16584 /* Release */ = {
			isa = XCBuildConfiguration;
			buildSettings = {
				ALWAYS_SEARCH_USER_PATHS = NO;
				CLANG_ANALYZER_NONNULL = YES;
				CLANG_CXX_LANGUAGE_STANDARD = "gnu++0x";
				CLANG_CXX_LIBRARY = "libc++";
				CLANG_ENABLE_MODULES = YES;
				CLANG_ENABLE_OBJC_ARC = YES;
				CLANG_WARN_BOOL_CONVERSION = YES;
				CLANG_WARN_CONSTANT_CONVERSION = YES;
				CLANG_WARN_DIRECT_OBJC_ISA_USAGE = YES_ERROR;
				CLANG_WARN_DOCUMENTATION_COMMENTS = YES;
				CLANG_WARN_EMPTY_BODY = YES;
				CLANG_WARN_ENUM_CONVERSION = YES;
				CLANG_WARN_INFINITE_RECURSION = YES;
				CLANG_WARN_INT_CONVERSION = YES;
				CLANG_WARN_OBJC_ROOT_CLASS = YES_ERROR;
				CLANG_WARN_SUSPICIOUS_MOVES = YES;
				CLANG_WARN_UNREACHABLE_CODE = YES;
				CLANG_WARN__DUPLICATE_METHOD_MATCH = YES;
				"CODE_SIGN_IDENTITY[sdk=iphoneos*]" = "iPhone Developer";
				COPY_PHASE_STRIP = NO;
				DEBUG_INFORMATION_FORMAT = "dwarf-with-dsym";
				ENABLE_NS_ASSERTIONS = NO;
				ENABLE_STRICT_OBJC_MSGSEND = YES;
				GCC_C_LANGUAGE_STANDARD = gnu99;
				GCC_NO_COMMON_BLOCKS = YES;
				GCC_WARN_64_TO_32_BIT_CONVERSION = YES;
				GCC_WARN_ABOUT_RETURN_TYPE = YES_ERROR;
				GCC_WARN_UNDECLARED_SELECTOR = YES;
				GCC_WARN_UNINITIALIZED_AUTOS = YES_AGGRESSIVE;
				GCC_WARN_UNUSED_FUNCTION = YES;
				GCC_WARN_UNUSED_VARIABLE = YES;
				IPHONEOS_DEPLOYMENT_TARGET = 10.0;
				MTL_ENABLE_DEBUG_INFO = NO;
				SDKROOT = iphoneos;
				SWIFT_OPTIMIZATION_LEVEL = "-Owholemodule";
				VALIDATE_PRODUCT = YES;
			};
			name = Release;
		};
		C9C53C802056C17600F16584 /* Debug */ = {
			isa = XCBuildConfiguration;
			baseConfigurationReference = E06A96EBF9F5C85BA4BB42DC /* Pods-Music Player.debug.xcconfig */;
			buildSettings = {
				ASSETCATALOG_COMPILER_APPICON_NAME = AppIcon;
				DEVELOPMENT_TEAM = TJ99YUB869;
				INFOPLIST_FILE = "Music Player/Info.plist";
				IPHONEOS_DEPLOYMENT_TARGET = 8.0;
				LD_RUNPATH_SEARCH_PATHS = "$(inherited) @executable_path/Frameworks";
				PRODUCT_BUNDLE_IDENTIFIER = "ge.mobility.Music-Player";
				PRODUCT_NAME = "$(TARGET_NAME)";
				SWIFT_VERSION = 3.0;
			};
			name = Debug;
		};
		C9C53C812056C17600F16584 /* Release */ = {
			isa = XCBuildConfiguration;
			baseConfigurationReference = 3FA7F3D4F26FA061087913E4 /* Pods-Music Player.release.xcconfig */;
			buildSettings = {
				ASSETCATALOG_COMPILER_APPICON_NAME = AppIcon;
				DEVELOPMENT_TEAM = TJ99YUB869;
				INFOPLIST_FILE = "Music Player/Info.plist";
				IPHONEOS_DEPLOYMENT_TARGET = 8.0;
				LD_RUNPATH_SEARCH_PATHS = "$(inherited) @executable_path/Frameworks";
				PRODUCT_BUNDLE_IDENTIFIER = "ge.mobility.Music-Player";
				PRODUCT_NAME = "$(TARGET_NAME)";
				SWIFT_VERSION = 3.0;
			};
			name = Release;
		};
/* End XCBuildConfiguration section */

/* Begin XCConfigurationList section */
		C9C53C682056C17600F16584 /* Build configuration list for PBXProject "Music Player" */ = {
			isa = XCConfigurationList;
			buildConfigurations = (
				C9C53C7D2056C17600F16584 /* Debug */,
				C9C53C7E2056C17600F16584 /* Release */,
			);
			defaultConfigurationIsVisible = 0;
			defaultConfigurationName = Release;
		};
		C9C53C7F2056C17600F16584 /* Build configuration list for PBXNativeTarget "Music Player" */ = {
			isa = XCConfigurationList;
			buildConfigurations = (
				C9C53C802056C17600F16584 /* Debug */,
				C9C53C812056C17600F16584 /* Release */,
			);
			defaultConfigurationIsVisible = 0;
			defaultConfigurationName = Release;
		};
/* End XCConfigurationList section */
	};
	rootObject = C9C53C652056C17600F16584 /* Project object */;
}
